
Microsoft Visual Studio Solution File, Format Version 12.00
# Visual Studio Version 17
VisualStudioVersion = 17.5.002.0
MinimumVisualStudioVersion = 10.0.40219.1
Project("{9A19103F-16F7-4668-BE54-9A1E7A4F7556}") = "MiddleWaring", "MiddleWaring.csproj", "{26C138D7-83E4-4DA2-8A58-65000DC8E876}"
EndProject
Global
	GlobalSection(SolutionConfigurationPlatforms) = preSolution
		Debug|Any CPU = Debug|Any CPU
		Release|Any CPU = Release|Any CPU
	EndGlobalSection
	GlobalSection(ProjectConfigurationPlatforms) = postSolution
		{26C138D7-83E4-4DA2-8A58-65000DC8E876}.Debug|Any CPU.ActiveCfg = Debug|Any CPU
		{26C138D7-83E4-4DA2-8A58-65000DC8E876}.Debug|Any CPU.Build.0 = Debug|Any CPU
		{26C138D7-83E4-4DA2-8A58-65000DC8E876}.Release|Any CPU.ActiveCfg = Release|Any CPU
		{26C138D7-83E4-4DA2-8A58-65000DC8E876}.Release|Any CPU.Build.0 = Release|Any CPU
	EndGlobalSection
	GlobalSection(SolutionProperties) = preSolution
		HideSolutionNode = FALSE
	EndGlobalSection
	GlobalSection(ExtensibilityGlobals) = postSolution
		SolutionGuid = {CDF428F0-69CC-4943-913B-AF9D8CDA3A16}
	EndGlobalSection
EndGlobal
